PODS:
  - FootlessParser (0.5.2)
  - Nimble (8.0.2)
  - Quick (2.1.0)
  - ReactiveSSE (0.3.2):
    - FootlessParser (~> 0.5)
    - ReactiveSwift (~> 6.0)
  - ReactiveSwift (6.0.0)

DEPENDENCIES:
  - Nimble
  - Quick
  - ReactiveSSE (from `../`)

SPEC REPOS:
  https://github.com/cocoapods/specs.git:
    - FootlessParser
    - Nimble
    - Quick
    - ReactiveSwift

EXTERNAL SOURCES:
  ReactiveSSE:
    :path: "../"

SPEC CHECKSUMS:
  FootlessParser: 521916d592fa6cba06cfca6f4b5d4f5a2d49175a
  Nimble: 622629381bda1dd5678162f21f1368cec7cbba60
  Quick: 4be43f6634acfa727dd106bdf3929ce125ffa79d
  ReactiveSSE: 18c80e3ac30e9f084703799271de15af9c6e1a49
  ReactiveSwift: 24b7ed245617bbfd30ee0c87779b6c64ac1b4518

PODFILE CHECKSUM: 2b1098092e69bd72b2c0e40d93c74974a069acbb

COCOAPODS: 1.6.0.rc.2
