PODS:
  - FootlessParser (0.5.2)
  - ReactiveSSE (0.4.0):
    - FootlessParser (~> 0.5)
    - ReactiveSwift (~> 6.0)
  - ReactiveSwift (6.2.1)

DEPENDENCIES:
  - ReactiveSSE (from `../`)

SPEC REPOS:
  trunk:
    - FootlessParser
    - ReactiveSwift

EXTERNAL SOURCES:
  ReactiveSSE:
    :path: "../"

SPEC CHECKSUMS:
  FootlessParser: 521916d592fa6cba06cfca6f4b5d4f5a2d49175a
  ReactiveSSE: 3492578cb4acd9f34a2778fc88909abe9f72ae7e
  ReactiveSwift: 07ddf579f4eb3ee3bd656214f0461aaf2c0fd639

PODFILE CHECKSUM: 6423f54d500b374ae505173fc26e9c097cb6bc52

COCOAPODS: 1.9.1
